
Microsoft Visual Studio Solution File, Format Version 12.00
# Visual Studio Version 16
VisualStudioVersion = 16.0.31410.357
MinimumVisualStudioVersion = 10.0.40219.1
Project("{FAE04EC0-301F-11D3-BF4B-00C04F79EFBC}") = "BlazorBattles.Server", "BlazorBattles\Server\BlazorBattles.Server.csproj", "{A89D6E92-E718-472A-AC00-2D6DEFD6AEE7}"
EndProject
Project("{FAE04EC0-301F-11D3-BF4B-00C04F79EFBC}") = "BlazorBattles.Client", "BlazorBattles\Client\BlazorBattles.Client.csproj", "{76C77C2B-DDC8-4C1F-9E61-D8F97F000B19}"
EndProject
Project("{FAE04EC0-301F-11D3-BF4B-00C04F79EFBC}") = "BlazorBattles.Shared", "BlazorBattles\Shared\BlazorBattles.Shared.csproj", "{90C1C173-0B86-4604-9D1B-F2151ECD5DB0}"
EndProject
Global
	GlobalSection(SolutionConfigurationPlatforms) = preSolution
		Debug|Any CPU = Debug|Any CPU
		Release|Any CPU = Release|Any CPU
	EndGlobalSection
	GlobalSection(ProjectConfigurationPlatforms) = postSolution
		{A89D6E92-E718-472A-AC00-2D6DEFD6AEE7}.Debug|Any CPU.ActiveCfg = Debug|Any CPU
		{A89D6E92-E718-472A-AC00-2D6DEFD6AEE7}.Debug|Any CPU.Build.0 = Debug|Any CPU
		{A89D6E92-E718-472A-AC00-2D6DEFD6AEE7}.Release|Any CPU.ActiveCfg = Release|Any CPU
		{A89D6E92-E718-472A-AC00-2D6DEFD6AEE7}.Release|Any CPU.Build.0 = Release|Any CPU
		{76C77C2B-DDC8-4C1F-9E61-D8F97F000B19}.Debug|Any CPU.ActiveCfg = Debug|Any CPU
		{76C77C2B-DDC8-4C1F-9E61-D8F97F000B19}.Debug|Any CPU.Build.0 = Debug|Any CPU
		{76C77C2B-DDC8-4C1F-9E61-D8F97F000B19}.Release|Any CPU.ActiveCfg = Release|Any CPU
		{76C77C2B-DDC8-4C1F-9E61-D8F97F000B19}.Release|Any CPU.Build.0 = Release|Any CPU
		{90C1C173-0B86-4604-9D1B-F2151ECD5DB0}.Debug|Any CPU.ActiveCfg = Debug|Any CPU
		{90C1C173-0B86-4604-9D1B-F2151ECD5DB0}.Debug|Any CPU.Build.0 = Debug|Any CPU
		{90C1C173-0B86-4604-9D1B-F2151ECD5DB0}.Release|Any CPU.ActiveCfg = Release|Any CPU
		{90C1C173-0B86-4604-9D1B-F2151ECD5DB0}.Release|Any CPU.Build.0 = Release|Any CPU
	EndGlobalSection
	GlobalSection(SolutionProperties) = preSolution
		HideSolutionNode = FALSE
	EndGlobalSection
	GlobalSection(ExtensibilityGlobals) = postSolution
		SolutionGuid = {E3291BC2-1D34-4610-8AC7-E26591F9A19A}
	EndGlobalSection
EndGlobal
